
Microsoft Visual Studio Solution File, Format Version 12.00
# Visual Studio Version 17
VisualStudioVersion = 17.5.002.0
MinimumVisualStudioVersion = 10.0.40219.1
Project("{9A19103F-16F7-4668-BE54-9A1E7A4F7556}") = "FnaF", "FnaF.csproj", "{776D5F69-6BA2-412A-A0C1-FE5B7ABF0A1C}"
EndProject
Global
	GlobalSection(SolutionConfigurationPlatforms) = preSolution
		Debug|Any CPU = Debug|Any CPU
		Release|Any CPU = Release|Any CPU
	EndGlobalSection
	GlobalSection(ProjectConfigurationPlatforms) = postSolution
		{776D5F69-6BA2-412A-A0C1-FE5B7ABF0A1C}.Debug|Any CPU.ActiveCfg = Debug|Any CPU
		{776D5F69-6BA2-412A-A0C1-FE5B7ABF0A1C}.Debug|Any CPU.Build.0 = Debug|Any CPU
		{776D5F69-6BA2-412A-A0C1-FE5B7ABF0A1C}.Release|Any CPU.ActiveCfg = Release|Any CPU
		{776D5F69-6BA2-412A-A0C1-FE5B7ABF0A1C}.Release|Any CPU.Build.0 = Release|Any CPU
	EndGlobalSection
	GlobalSection(SolutionProperties) = preSolution
		HideSolutionNode = FALSE
	EndGlobalSection
	GlobalSection(ExtensibilityGlobals) = postSolution
		SolutionGuid = {3E3D4B07-21E9-44A7-B2D6-BC62410B460B}
	EndGlobalSection
EndGlobal
